
Microsoft Visual Studio Solution File, Format Version 12.00
# Visual Studio Version 17
VisualStudioVersion = 17.0.31903.59
MinimumVisualStudioVersion = 10.0.40219.1
Project("{FAE04EC0-301F-11D3-BF4B-00C04F79EFBC}") = "HelloCS", "HelloCS\HelloCS.csproj", "{6709D3CE-0593-4A61-8CBA-6760C50018A1}"
EndProject
Project("{FAE04EC0-301F-11D3-BF4B-00C04F79EFBC}") = "AboutMyEnvironment", "AboutMyEnvironment\AboutMyEnvironment.csproj", "{5BBC06D8-B32E-4127-98BD-DBFF3E88CCAB}"
EndProject
Global
	GlobalSection(SolutionConfigurationPlatforms) = preSolution
		Debug|Any CPU = Debug|Any CPU
		Release|Any CPU = Release|Any CPU
	EndGlobalSection
	GlobalSection(SolutionProperties) = preSolution
		HideSolutionNode = FALSE
	EndGlobalSection
	GlobalSection(ProjectConfigurationPlatforms) = postSolution
		{6709D3CE-0593-4A61-8CBA-6760C50018A1}.Debug|Any CPU.ActiveCfg = Debug|Any CPU
		{6709D3CE-0593-4A61-8CBA-6760C50018A1}.Debug|Any CPU.Build.0 = Debug|Any CPU
		{6709D3CE-0593-4A61-8CBA-6760C50018A1}.Release|Any CPU.ActiveCfg = Release|Any CPU
		{6709D3CE-0593-4A61-8CBA-6760C50018A1}.Release|Any CPU.Build.0 = Release|Any CPU
		{5BBC06D8-B32E-4127-98BD-DBFF3E88CCAB}.Debug|Any CPU.ActiveCfg = Debug|Any CPU
		{5BBC06D8-B32E-4127-98BD-DBFF3E88CCAB}.Debug|Any CPU.Build.0 = Debug|Any CPU
		{5BBC06D8-B32E-4127-98BD-DBFF3E88CCAB}.Release|Any CPU.ActiveCfg = Release|Any CPU
		{5BBC06D8-B32E-4127-98BD-DBFF3E88CCAB}.Release|Any CPU.Build.0 = Release|Any CPU
	EndGlobalSection
EndGlobal
